
Microsoft Visual Studio Solution File, Format Version 12.00
# Visual Studio Version 17
VisualStudioVersion = 17.8.34330.188
MinimumVisualStudioVersion = 10.0.40219.1
Project("{FAE04EC0-301F-11D3-BF4B-00C04F79EFBC}") = "WebApplication1", "WebApplication1\WebApplication1.csproj", "{B0543ABF-6501-4197-A9C1-CB0B9722C9B0}"
EndProject
Global
	GlobalSection(SolutionConfigurationPlatforms) = preSolution
		Debug|Any CPU = Debug|Any CPU
		Release|Any CPU = Release|Any CPU
	EndGlobalSection
	GlobalSection(ProjectConfigurationPlatforms) = postSolution
		{B0543ABF-6501-4197-A9C1-CB0B9722C9B0}.Debug|Any CPU.ActiveCfg = Debug|Any CPU
		{B0543ABF-6501-4197-A9C1-CB0B9722C9B0}.Debug|Any CPU.Build.0 = Debug|Any CPU
		{B0543ABF-6501-4197-A9C1-CB0B9722C9B0}.Release|Any CPU.ActiveCfg = Release|Any CPU
		{B0543ABF-6501-4197-A9C1-CB0B9722C9B0}.Release|Any CPU.Build.0 = Release|Any CPU
	EndGlobalSection
	GlobalSection(SolutionProperties) = preSolution
		HideSolutionNode = FALSE
	EndGlobalSection
	GlobalSection(ExtensibilityGlobals) = postSolution
		SolutionGuid = {5C2D9A9F-93E1-4C31-9C76-2A81E5F5DA99}
	EndGlobalSection
EndGlobal
